schema: '2.0'
stages:
  data_ingestion:
    cmd: python src/data_ingestion.py
    deps:
    - path: src/data_ingestion.py
      hash: md5
      md5: 77ce4786081b271a4735e4564f182349
      size: 3464
    params:
      params.yaml:
        data_ingestion.test_size: 0.15
    outs:
    - path: data/raw
      hash: md5
      md5: a15ba66afdf82f8659b031b175286ed3.dir
      size: 484846
      nfiles: 2
  data_preprocessing:
    cmd: python src/data_preprocessing.py
    deps:
    - path: data/raw
      hash: md5
      md5: a15ba66afdf82f8659b031b175286ed3.dir
      size: 484846
      nfiles: 2
    - path: src/data_preprocessing.py
      hash: md5
      md5: ebdbb6ed675839b8ed924b56a9716042
      size: 3987
    outs:
    - path: data/interim
      hash: md5
      md5: 60a6fff4e80508df65a68e383fa2725e.dir
      size: 259164
      nfiles: 2
  feature_engineering:
    cmd: python src/feature_engineering.py
    deps:
    - path: data/interim
      hash: md5
      md5: 60a6fff4e80508df65a68e383fa2725e.dir
      size: 259164
      nfiles: 2
    - path: src/feature_engineering.py
      hash: md5
      md5: 62b2a8f898df38c8b9edfb599dfa9f7c
      size: 4037
    params:
      params.yaml:
        feature_engineering.max_features: 45
    outs:
    - path: data/processed
      hash: md5
      md5: e88e7aefe88dc92f9bff4673bd46bb88.dir
      size: 1062501
      nfiles: 2
  model_building:
    cmd: python src/model_training.py
    deps:
    - path: data/processed
      hash: md5
      md5: e88e7aefe88dc92f9bff4673bd46bb88.dir
      size: 1062501
      nfiles: 2
    - path: src/model_training.py
      hash: md5
      md5: 539f6bb459febf2cb9d9c9c242f1e135
      size: 4373
    params:
      params.yaml:
        model_building.n_estimators: 20
        model_building.random_state: 2
    outs:
    - path: models/random_forest_model.pkl
      hash: md5
      md5: 7a1cd8b0c1dd668bf4d6cabbaf29ac6d
      size: 812347
  model_evaluation:
    cmd: python src/model_evalaution.py
    deps:
    - path: models/random_forest_model.pkl
      hash: md5
      md5: 7a1cd8b0c1dd668bf4d6cabbaf29ac6d
      size: 812347
    - path: src/model_evalaution.py
      hash: md5
      md5: e5b498d5662da825451af1cf19399010
      size: 3701
    outs:
    - path: reports/metrics.json
      hash: md5
      md5: d10dcb36532bf535d2feeaefd48faeed
      size: 130
